// !$*UTF8*$!
{
	archiveVersion = 1;
	classes = {
	};
	objectVersion = 77;
	objects = {

/* Begin PBXBuildFile section */
		0037081D2F321D88857456CD /* AppSettings.swift in Sources */ = {isa = PBXBuildFile; fileRef = 3AC5154215EC3A1600809D7D /* AppSettings.swift */; };
		0160D13B78A6F8A3D3DE2871 /* AppRootView.swift in Sources */ = {isa = PBXBuildFile; fileRef = 78252FF5D75B31B924D44BE6 /* AppRootView.swift */; };
		0724A98BD1D8048377F3F18B /* ShakedownAdvisorTests.swift in Sources */ = {isa = PBXBuildFile; fileRef = 3C7F34769850BA6B1D598054 /* ShakedownAdvisorTests.swift */; };
		17C771520485C5F996F93EDC /* WeightCalculator.swift in Sources */ = {isa = PBXBuildFile; fileRef = 3D4B003A52A2824588082CDC /* WeightCalculator.swift */; };
		1E3294498DEDB42AC2C272FB /* PackListView.swift in Sources */ = {isa = PBXBuildFile; fileRef = D66AD0443902764FFAC16EF8 /* PackListView.swift */; };
		2B7CC45AE5F79A7FBF47DB20 /* OnboardingView.swift in Sources */ = {isa = PBXBuildFile; fileRef = AE57A84ED5B6313641F7BB44 /* OnboardingView.swift */; };
		2C22281F2CA27DA6685FB584 /* GearListView.swift in Sources */ = {isa = PBXBuildFile; fileRef = B0071884E8F70BB3AD1B4597 /* GearListView.swift */; };
		30089407760269CCD47B1A1D /* GearDescriptionParserTests.swift in Sources */ = {isa = PBXBuildFile; fileRef = E93D1BA00A79886506CC92D1 /* GearDescriptionParserTests.swift */; };
		3C104C38C73298EB3B334C7E /* AddTripView.swift in Sources */ = {isa = PBXBuildFile; fileRef = D36579402966D45DB642509F /* AddTripView.swift */; };
		3C7CF2E2C858CF79CAF8ECEF /* GearRecommendationTests.swift in Sources */ = {isa = PBXBuildFile; fileRef = 5FCFC26722D80C41DDB44A40 /* GearRecommendationTests.swift */; };
		4236E16F859505A124C1B894 /* TrailTheme.swift in Sources */ = {isa = PBXBuildFile; fileRef = AE49F5DB6D28042C02C834C9 /* TrailTheme.swift */; };
		47272122496EE7741BF74CB2 /* SettingsView.swift in Sources */ = {isa = PBXBuildFile; fileRef = AE6DA8B3EB4612918EC35F57 /* SettingsView.swift */; };
		47A43927447F5CD69030925B /* TrailWeightApp.swift in Sources */ = {isa = PBXBuildFile; fileRef = A53FA29756120200FA802CDD /* TrailWeightApp.swift */; };
		47F2ED4819AA5813BF2EC6A4 /* AppSettingsTests.swift in Sources */ = {isa = PBXBuildFile; fileRef = F4E8664EA0F2A17FF53114C9 /* AppSettingsTests.swift */; };
		4E8BD174F657B886453967E1 /* WeightDashboardView.swift in Sources */ = {isa = PBXBuildFile; fileRef = 4B3F9C01343944CD0B4A03FE /* WeightDashboardView.swift */; };
		53242E1E920E4DE954B86DF0 /* SwiftSoup in Frameworks */ = {isa = PBXBuildFile; productRef = 050705B0E6A1EE3B1618B566 /* SwiftSoup */; };
		5F96B92D85DD437F1261BF38 /* ContentView.swift in Sources */ = {isa = PBXBuildFile; fileRef = 95CB1E6297F6C9189844D937 /* ContentView.swift */; };
		61E7B51A192C14269581A00D /* GearViewModel.swift in Sources */ = {isa = PBXBuildFile; fileRef = 2B72F30D8A3177ED02B07D99 /* GearViewModel.swift */; };
		64B22A81A39D211B003CAACA /* BarcodeScannerView.swift in Sources */ = {isa = PBXBuildFile; fileRef = E34BDE9026F0B42C7D1CA06C /* BarcodeScannerView.swift */; };
		668BD0CE8705AB3D8CB873FD /* AddGearItemView.swift in Sources */ = {isa = PBXBuildFile; fileRef = 55336CF1713DE9BF4F3DEC57 /* AddGearItemView.swift */; };
		6A72CD42A6B45CDA5FE96BD7 /* Assets.xcassets in Resources */ = {isa = PBXBuildFile; fileRef = A330F501339F1E7A9A665779 /* Assets.xcassets */; };
		70398C7F0BBCC109DAB9A950 /* WeightCalculatorTests.swift in Sources */ = {isa = PBXBuildFile; fileRef = B605D4139D6EB5765A9A2F64 /* WeightCalculatorTests.swift */; };
		7056A17D929E0211703185A6 /* GearRecommendationEngine.swift in Sources */ = {isa = PBXBuildFile; fileRef = 9B80C1430AE87B08B9054571 /* GearRecommendationEngine.swift */; };
		71B2C32BF70196C7FFB31580 /* WeightParserTests.swift in Sources */ = {isa = PBXBuildFile; fileRef = 2B9245966E4662B7B4D5FCFB /* WeightParserTests.swift */; };
		77BB4FBEBC267970FA88F48A /* RecommendationsView.swift in Sources */ = {isa = PBXBuildFile; fileRef = 595314D1177BFC86FF3CE597 /* RecommendationsView.swift */; };
		788765EAACAF1AD7D95DB97C /* ShakedownView.swift in Sources */ = {isa = PBXBuildFile; fileRef = 4FA1B7FBFF44DD2365933A28 /* ShakedownView.swift */; };
		7D3F11097242D01DBD94B310 /* ImportExportView.swift in Sources */ = {isa = PBXBuildFile; fileRef = C53864732563F6C453DB1F38 /* ImportExportView.swift */; };
		9AA12971CC3B8C9275A875E4 /* PackListItem.swift in Sources */ = {isa = PBXBuildFile; fileRef = 0B190CAF09C4E9270EF4D138 /* PackListItem.swift */; };
		9FBB857949B895FF723A86F1 /* TripDetailView.swift in Sources */ = {isa = PBXBuildFile; fileRef = EE9AF4626325F6E7054077FF /* TripDetailView.swift */; };
		A456A0B6A044866AD6A02AA4 /* BarcodeLookupServiceTests.swift in Sources */ = {isa = PBXBuildFile; fileRef = 141DD322F384B75A36781EA0 /* BarcodeLookupServiceTests.swift */; };
		B7626E32623D0B2583BA35C9 /* GearCategoryClassifier.swift in Sources */ = {isa = PBXBuildFile; fileRef = C4042B8B24654B2B466E7DD0 /* GearCategoryClassifier.swift */; };
		BD125C748EB780E9954A1712 /* GearItemDetailView.swift in Sources */ = {isa = PBXBuildFile; fileRef = 01C344456473FCE7EFD4C763 /* GearItemDetailView.swift */; };
		C14A6B0E910097D4CAE7DAC4 /* BarcodeLookupService.swift in Sources */ = {isa = PBXBuildFile; fileRef = 938B0592EF4B7FAF571513E4 /* BarcodeLookupService.swift */; };
		C194A3A754F682AD87A8C88C /* TripViewModel.swift in Sources */ = {isa = PBXBuildFile; fileRef = BFB2E5BFE0097A41A30F0671 /* TripViewModel.swift */; };
		C7FD44A07D447B313C4BBCA5 /* GearDescriptionParser.swift in Sources */ = {isa = PBXBuildFile; fileRef = 072142A47C706531D384F47A /* GearDescriptionParser.swift */; };
		CBB2B5EB027F0E5859F85626 /* ShakedownAdvisor.swift in Sources */ = {isa = PBXBuildFile; fileRef = D8408B595130F8D028850B20 /* ShakedownAdvisor.swift */; };
		D0EB1ABE6FB3DBE3D487B594 /* Trip.swift in Sources */ = {isa = PBXBuildFile; fileRef = 8E8920B3FB9C75B0CF8ED7D6 /* Trip.swift */; };
		D8A8DA47755EB4505CDAD32D /* LighterpackServiceTests.swift in Sources */ = {isa = PBXBuildFile; fileRef = 42A53D677F6C73A81F3C2366 /* LighterpackServiceTests.swift */; };
		DAC91EFDB6FD6AF955FA9C5C /* WeightParser.swift in Sources */ = {isa = PBXBuildFile; fileRef = 0B5C6FEDADB4D92894EABB5C /* WeightParser.swift */; };
		DAE6834276FFD6C92CE4B6C5 /* PackList.swift in Sources */ = {isa = PBXBuildFile; fileRef = 491DF9E3235E784AC472CEDF /* PackList.swift */; };
		DB155D83467B5AB152C84681 /* URLMetadataFetcher.swift in Sources */ = {isa = PBXBuildFile; fileRef = 35B7DE5D0DD2C178DCD2AF29 /* URLMetadataFetcher.swift */; };
		DFFF3EE686BB717D85FB8037 /* WeightViewModel.swift in Sources */ = {isa = PBXBuildFile; fileRef = 4577C0002C2B1C5E3F67773E /* WeightViewModel.swift */; };
		E8B259645707777F77DE6FBD /* ResupplyPoint.swift in Sources */ = {isa = PBXBuildFile; fileRef = 7E15F552A208122AD83473CE /* ResupplyPoint.swift */; };
		E95878FBB17A47DD4C30DA6F /* GearItem.swift in Sources */ = {isa = PBXBuildFile; fileRef = 9C424EF772F029D15CBEA7EE /* GearItem.swift */; };
		F29097B307C7D36E6239920F /* TripListView.swift in Sources */ = {isa = PBXBuildFile; fileRef = F38F22811BB16B2E65681F1F /* TripListView.swift */; };
		F2C4B246A087519E4323C83D /* ResupplyPointDetailView.swift in Sources */ = {isa = PBXBuildFile; fileRef = B9777A3E050581ADE66CAF33 /* ResupplyPointDetailView.swift */; };
		F31D08F5C3FC43DE6CA5F4D6 /* GearCategoryClassifierTests.swift in Sources */ = {isa = PBXBuildFile; fileRef = C4600BE31EA1F962A38C6AE4 /* GearCategoryClassifierTests.swift */; };
		F49A220E5392A37FB44A0B57 /* WeightSnapshot.swift in Sources */ = {isa = PBXBuildFile; fileRef = FB4125BCE4B6805FEA30AE51 /* WeightSnapshot.swift */; };
		F73279788B4ACA8A53407D87 /* MacContentView.swift in Sources */ = {isa = PBXBuildFile; fileRef = D5F481508C894DC601F54D86 /* MacContentView.swift */; };
		F7497B94FEF9B30CA9B8CA85 /* WeightHistoryView.swift in Sources */ = {isa = PBXBuildFile; fileRef = 9D076A4A52E80FD53D414C7B /* WeightHistoryView.swift */; };
		FF289D045C68661A31E5267E /* GearCategory.swift in Sources */ = {isa = PBXBuildFile; fileRef = 68C8F34132497F5E11AEA0A5 /* GearCategory.swift */; };
		FFDBBA94939CED05BDA9032D /* LighterpackService.swift in Sources */ = {isa = PBXBuildFile; fileRef = 6D57FFD465C2A3950F8AC29F /* LighterpackService.swift */; };
/* End PBXBuildFile section */

/* Begin PBXContainerItemProxy section */
		6F35494D3DCD51FC98E2152A /* PBXContainerItemProxy */ = {
			isa = PBXContainerItemProxy;
			containerPortal = 0AC1A6DEAD384EAB2F40A23F /* Project object */;
			proxyType = 1;
			remoteGlobalIDString = E8AEFF0C28D09DB20CBB9FAC;
			remoteInfo = TrailWeight;
		};
/* End PBXContainerItemProxy section */

/* Begin PBXFileReference section */
		01C344456473FCE7EFD4C763 /* GearItemDetailView.swift */ = {isa = PBXFileReference; lastKnownFileType = sourcecode.swift; path = GearItemDetailView.swift; sourceTree = "<group>"; };
		072142A47C706531D384F47A /* GearDescriptionParser.swift */ = {isa = PBXFileReference; lastKnownFileType = sourcecode.swift; path = GearDescriptionParser.swift; sourceTree = "<group>"; };
		0B190CAF09C4E9270EF4D138 /* PackListItem.swift */ = {isa = PBXFileReference; lastKnownFileType = sourcecode.swift; path = PackListItem.swift; sourceTree = "<group>"; };
		0B5C6FEDADB4D92894EABB5C /* WeightParser.swift */ = {isa = PBXFileReference; lastKnownFileType = sourcecode.swift; path = WeightParser.swift; sourceTree = "<group>"; };
		141DD322F384B75A36781EA0 /* BarcodeLookupServiceTests.swift */ = {isa = PBXFileReference; lastKnownFileType = sourcecode.swift; path = BarcodeLookupServiceTests.swift; sourceTree = "<group>"; };
		2B72F30D8A3177ED02B07D99 /* GearViewModel.swift */ = {isa = PBXFileReference; lastKnownFileType = sourcecode.swift; path = GearViewModel.swift; sourceTree = "<group>"; };
		2B9245966E4662B7B4D5FCFB /* WeightParserTests.swift */ = {isa = PBXFileReference; lastKnownFileType = sourcecode.swift; path = WeightParserTests.swift; sourceTree = "<group>"; };
		35B7DE5D0DD2C178DCD2AF29 /* URLMetadataFetcher.swift */ = {isa = PBXFileReference; lastKnownFileType = sourcecode.swift; path = URLMetadataFetcher.swift; sourceTree = "<group>"; };
		3AC5154215EC3A1600809D7D /* AppSettings.swift */ = {isa = PBXFileReference; lastKnownFileType = sourcecode.swift; path = AppSettings.swift; sourceTree = "<group>"; };
		3C7F34769850BA6B1D598054 /* ShakedownAdvisorTests.swift */ = {isa = PBXFileReference; lastKnownFileType = sourcecode.swift; path = ShakedownAdvisorTests.swift; sourceTree = "<group>"; };
		3D4B003A52A2824588082CDC /* WeightCalculator.swift */ = {isa = PBXFileReference; lastKnownFileType = sourcecode.swift; path = WeightCalculator.swift; sourceTree = "<group>"; };
		42A53D677F6C73A81F3C2366 /* LighterpackServiceTests.swift */ = {isa = PBXFileReference; lastKnownFileType = sourcecode.swift; path = LighterpackServiceTests.swift; sourceTree = "<group>"; };
		4577C0002C2B1C5E3F67773E /* WeightViewModel.swift */ = {isa = PBXFileReference; lastKnownFileType = sourcecode.swift; path = WeightViewModel.swift; sourceTree = "<group>"; };
		491DF9E3235E784AC472CEDF /* PackList.swift */ = {isa = PBXFileReference; lastKnownFileType = sourcecode.swift; path = PackList.swift; sourceTree = "<group>"; };
		4B3F9C01343944CD0B4A03FE /* WeightDashboardView.swift */ = {isa = PBXFileReference; lastKnownFileType = sourcecode.swift; path = WeightDashboardView.swift; sourceTree = "<group>"; };
		4FA1B7FBFF44DD2365933A28 /* ShakedownView.swift */ = {isa = PBXFileReference; lastKnownFileType = sourcecode.swift; path = ShakedownView.swift; sourceTree = "<group>"; };
		55336CF1713DE9BF4F3DEC57 /* AddGearItemView.swift */ = {isa = PBXFileReference; lastKnownFileType = sourcecode.swift; path = AddGearItemView.swift; sourceTree = "<group>"; };
		595314D1177BFC86FF3CE597 /* RecommendationsView.swift */ = {isa = PBXFileReference; lastKnownFileType = sourcecode.swift; path = RecommendationsView.swift; sourceTree = "<group>"; };
		5FCFC26722D80C41DDB44A40 /* GearRecommendationTests.swift */ = {isa = PBXFileReference; lastKnownFileType = sourcecode.swift; path = GearRecommendationTests.swift; sourceTree = "<group>"; };
		68C8F34132497F5E11AEA0A5 /* GearCategory.swift */ = {isa = PBXFileReference; lastKnownFileType = sourcecode.swift; path = GearCategory.swift; sourceTree = "<group>"; };
		6D57FFD465C2A3950F8AC29F /* LighterpackService.swift */ = {isa = PBXFileReference; lastKnownFileType = sourcecode.swift; path = LighterpackService.swift; sourceTree = "<group>"; };
		78252FF5D75B31B924D44BE6 /* AppRootView.swift */ = {isa = PBXFileReference; lastKnownFileType = sourcecode.swift; path = AppRootView.swift; sourceTree = "<group>"; };
		7D9283F8F11DFC2C3693924D /* TrailWeight.app */ = {isa = PBXFileReference; includeInIndex = 0; lastKnownFileType = wrapper.application; path = TrailWeight.app; sourceTree = BUILT_PRODUCTS_DIR; };
		7E15F552A208122AD83473CE /* ResupplyPoint.swift */ = {isa = PBXFileReference; lastKnownFileType = sourcecode.swift; path = ResupplyPoint.swift; sourceTree = "<group>"; };
		8E8920B3FB9C75B0CF8ED7D6 /* Trip.swift */ = {isa = PBXFileReference; lastKnownFileType = sourcecode.swift; path = Trip.swift; sourceTree = "<group>"; };
		938B0592EF4B7FAF571513E4 /* BarcodeLookupService.swift */ = {isa = PBXFileReference; lastKnownFileType = sourcecode.swift; path = BarcodeLookupService.swift; sourceTree = "<group>"; };
		95CB1E6297F6C9189844D937 /* ContentView.swift */ = {isa = PBXFileReference; lastKnownFileType = sourcecode.swift; path = ContentView.swift; sourceTree = "<group>"; };
		9B80C1430AE87B08B9054571 /* GearRecommendationEngine.swift */ = {isa = PBXFileReference; lastKnownFileType = sourcecode.swift; path = GearRecommendationEngine.swift; sourceTree = "<group>"; };
		9C424EF772F029D15CBEA7EE /* GearItem.swift */ = {isa = PBXFileReference; lastKnownFileType = sourcecode.swift; path = GearItem.swift; sourceTree = "<group>"; };
		9D076A4A52E80FD53D414C7B /* WeightHistoryView.swift */ = {isa = PBXFileReference; lastKnownFileType = sourcecode.swift; path = WeightHistoryView.swift; sourceTree = "<group>"; };
		9F93780213E67D105899C31A /* Info.plist */ = {isa = PBXFileReference; lastKnownFileType = text.plist; path = Info.plist; sourceTree = "<group>"; };
		A330F501339F1E7A9A665779 /* Assets.xcassets */ = {isa = PBXFileReference; lastKnownFileType = folder.assetcatalog; path = Assets.xcassets; sourceTree = "<group>"; };
		A53FA29756120200FA802CDD /* TrailWeightApp.swift */ = {isa = PBXFileReference; lastKnownFileType = sourcecode.swift; path = TrailWeightApp.swift; sourceTree = "<group>"; };
		AE49F5DB6D28042C02C834C9 /* TrailTheme.swift */ = {isa = PBXFileReference; lastKnownFileType = sourcecode.swift; path = TrailTheme.swift; sourceTree = "<group>"; };
		AE57A84ED5B6313641F7BB44 /* OnboardingView.swift */ = {isa = PBXFileReference; lastKnownFileType = sourcecode.swift; path = OnboardingView.swift; sourceTree = "<group>"; };
		AE6DA8B3EB4612918EC35F57 /* SettingsView.swift */ = {isa = PBXFileReference; lastKnownFileType = sourcecode.swift; path = SettingsView.swift; sourceTree = "<group>"; };
		B0071884E8F70BB3AD1B4597 /* GearListView.swift */ = {isa = PBXFileReference; lastKnownFileType = sourcecode.swift; path = GearListView.swift; sourceTree = "<group>"; };
		B605D4139D6EB5765A9A2F64 /* WeightCalculatorTests.swift */ = {isa = PBXFileReference; lastKnownFileType = sourcecode.swift; path = WeightCalculatorTests.swift; sourceTree = "<group>"; };
		B9777A3E050581ADE66CAF33 /* ResupplyPointDetailView.swift */ = {isa = PBXFileReference; lastKnownFileType = sourcecode.swift; path = ResupplyPointDetailView.swift; sourceTree = "<group>"; };
		BFB2E5BFE0097A41A30F0671 /* TripViewModel.swift */ = {isa = PBXFileReference; lastKnownFileType = sourcecode.swift; path = TripViewModel.swift; sourceTree = "<group>"; };
		C4042B8B24654B2B466E7DD0 /* GearCategoryClassifier.swift */ = {isa = PBXFileReference; lastKnownFileType = sourcecode.swift; path = GearCategoryClassifier.swift; sourceTree = "<group>"; };
		C4600BE31EA1F962A38C6AE4 /* GearCategoryClassifierTests.swift */ = {isa = PBXFileReference; lastKnownFileType = sourcecode.swift; path = GearCategoryClassifierTests.swift; sourceTree = "<group>"; };
		C53864732563F6C453DB1F38 /* ImportExportView.swift */ = {isa = PBXFileReference; lastKnownFileType = sourcecode.swift; path = ImportExportView.swift; sourceTree = "<group>"; };
		D36579402966D45DB642509F /* AddTripView.swift */ = {isa = PBXFileReference; lastKnownFileType = sourcecode.swift; path = AddTripView.swift; sourceTree = "<group>"; };
		D5F481508C894DC601F54D86 /* MacContentView.swift */ = {isa = PBXFileReference; lastKnownFileType = sourcecode.swift; path = MacContentView.swift; sourceTree = "<group>"; };
		D66AD0443902764FFAC16EF8 /* PackListView.swift */ = {isa = PBXFileReference; lastKnownFileType = sourcecode.swift; path = PackListView.swift; sourceTree = "<group>"; };
		D8408B595130F8D028850B20 /* ShakedownAdvisor.swift */ = {isa = PBXFileReference; lastKnownFileType = sourcecode.swift; path = ShakedownAdvisor.swift; sourceTree = "<group>"; };
		DD9461CB6C63036B70765AEC /* TrailWeightTests.xctest */ = {isa = PBXFileReference; includeInIndex = 0; lastKnownFileType = wrapper.cfbundle; path = TrailWeightTests.xctest; sourceTree = BUILT_PRODUCTS_DIR; };
		E34BDE9026F0B42C7D1CA06C /* BarcodeScannerView.swift */ = {isa = PBXFileReference; lastKnownFileType = sourcecode.swift; path = BarcodeScannerView.swift; sourceTree = "<group>"; };
		E93D1BA00A79886506CC92D1 /* GearDescriptionParserTests.swift */ = {isa = PBXFileReference; lastKnownFileType = sourcecode.swift; path = GearDescriptionParserTests.swift; sourceTree = "<group>"; };
		EE9AF4626325F6E7054077FF /* TripDetailView.swift */ = {isa = PBXFileReference; lastKnownFileType = sourcecode.swift; path = TripDetailView.swift; sourceTree = "<group>"; };
		F0C923A1433EC3C5BA95C6B2 /* TrailWeight.entitlements */ = {isa = PBXFileReference; lastKnownFileType = text.plist.entitlements; path = TrailWeight.entitlements; sourceTree = "<group>"; };
		F38F22811BB16B2E65681F1F /* TripListView.swift */ = {isa = PBXFileReference; lastKnownFileType = sourcecode.swift; path = TripListView.swift; sourceTree = "<group>"; };
		F4E8664EA0F2A17FF53114C9 /* AppSettingsTests.swift */ = {isa = PBXFileReference; lastKnownFileType = sourcecode.swift; path = AppSettingsTests.swift; sourceTree = "<group>"; };
		FB4125BCE4B6805FEA30AE51 /* WeightSnapshot.swift */ = {isa = PBXFileReference; lastKnownFileType = sourcecode.swift; path = WeightSnapshot.swift; sourceTree = "<group>"; };
/* End PBXFileReference section */

/* Begin PBXFrameworksBuildPhase section */
		85333A324D0D82F800DABBF6 /* Frameworks */ = {
			isa = PBXFrameworksBuildPhase;
			buildActionMask = 2147483647;
			files = (
				53242E1E920E4DE954B86DF0 /* SwiftSoup in Frameworks */,
			);
			runOnlyForDeploymentPostprocessing = 0;
		};
/* End PBXFrameworksBuildPhase section */

/* Begin PBXGroup section */
		0900BBD46795A7C7CD517C75 /* Views */ = {
			isa = PBXGroup;
			children = (
				78252FF5D75B31B924D44BE6 /* AppRootView.swift */,
				95CB1E6297F6C9189844D937 /* ContentView.swift */,
				45CF47097E35FE1460FBEDFB /* Gear */,
				F156EC8D669CF9F07359C008 /* Mac */,
				9C59331B1C9BCC5CC4D95FB0 /* Onboarding */,
				09B18079182796B4F3317E66 /* Settings */,
				B4B706BB046982BAE2B23799 /* Trips */,
				80DEC976CEC72E7AAE2A28B0 /* Weight */,
			);
			path = Views;
			sourceTree = "<group>";
		};
		09B18079182796B4F3317E66 /* Settings */ = {
			isa = PBXGroup;
			children = (
				AE6DA8B3EB4612918EC35F57 /* SettingsView.swift */,
			);
			path = Settings;
			sourceTree = "<group>";
		};
		1E2890CB5ACC4DC9D7337412 /* Theme */ = {
			isa = PBXGroup;
			children = (
				AE49F5DB6D28042C02C834C9 /* TrailTheme.swift */,
			);
			path = Theme;
			sourceTree = "<group>";
		};
		22CCF262870679AC4390A095 /* Services */ = {
			isa = PBXGroup;
			children = (
				938B0592EF4B7FAF571513E4 /* BarcodeLookupService.swift */,
				C4042B8B24654B2B466E7DD0 /* GearCategoryClassifier.swift */,
				072142A47C706531D384F47A /* GearDescriptionParser.swift */,
				9B80C1430AE87B08B9054571 /* GearRecommendationEngine.swift */,
				6D57FFD465C2A3950F8AC29F /* LighterpackService.swift */,
				D8408B595130F8D028850B20 /* ShakedownAdvisor.swift */,
				35B7DE5D0DD2C178DCD2AF29 /* URLMetadataFetcher.swift */,
				3D4B003A52A2824588082CDC /* WeightCalculator.swift */,
				0B5C6FEDADB4D92894EABB5C /* WeightParser.swift */,
			);
			path = Services;
			sourceTree = "<group>";
		};
		45CF47097E35FE1460FBEDFB /* Gear */ = {
			isa = PBXGroup;
			children = (
				55336CF1713DE9BF4F3DEC57 /* AddGearItemView.swift */,
				E34BDE9026F0B42C7D1CA06C /* BarcodeScannerView.swift */,
				01C344456473FCE7EFD4C763 /* GearItemDetailView.swift */,
				B0071884E8F70BB3AD1B4597 /* GearListView.swift */,
				C53864732563F6C453DB1F38 /* ImportExportView.swift */,
			);
			path = Gear;
			sourceTree = "<group>";
		};
		483ABC056D55D59BD66F6FBB /* ViewModels */ = {
			isa = PBXGroup;
			children = (
				2B72F30D8A3177ED02B07D99 /* GearViewModel.swift */,
				BFB2E5BFE0097A41A30F0671 /* TripViewModel.swift */,
				4577C0002C2B1C5E3F67773E /* WeightViewModel.swift */,
			);
			path = ViewModels;
			sourceTree = "<group>";
		};
		80DEC976CEC72E7AAE2A28B0 /* Weight */ = {
			isa = PBXGroup;
			children = (
				4B3F9C01343944CD0B4A03FE /* WeightDashboardView.swift */,
				9D076A4A52E80FD53D414C7B /* WeightHistoryView.swift */,
			);
			path = Weight;
			sourceTree = "<group>";
		};
		8D9295F0542046EB203B996B /* TrailWeight */ = {
			isa = PBXGroup;
			children = (
				A330F501339F1E7A9A665779 /* Assets.xcassets */,
				9F93780213E67D105899C31A /* Info.plist */,
				F0C923A1433EC3C5BA95C6B2 /* TrailWeight.entitlements */,
				A53FA29756120200FA802CDD /* TrailWeightApp.swift */,
				A29C9405A60F27D00DED5976 /* Models */,
				22CCF262870679AC4390A095 /* Services */,
				1E2890CB5ACC4DC9D7337412 /* Theme */,
				483ABC056D55D59BD66F6FBB /* ViewModels */,
				0900BBD46795A7C7CD517C75 /* Views */,
			);
			name = TrailWeight;
			path = Sources/TrailWeight;
			sourceTree = "<group>";
		};
		9C59331B1C9BCC5CC4D95FB0 /* Onboarding */ = {
			isa = PBXGroup;
			children = (
				AE57A84ED5B6313641F7BB44 /* OnboardingView.swift */,
			);
			path = Onboarding;
			sourceTree = "<group>";
		};
		A29C9405A60F27D00DED5976 /* Models */ = {
			isa = PBXGroup;
			children = (
				3AC5154215EC3A1600809D7D /* AppSettings.swift */,
				68C8F34132497F5E11AEA0A5 /* GearCategory.swift */,
				9C424EF772F029D15CBEA7EE /* GearItem.swift */,
				491DF9E3235E784AC472CEDF /* PackList.swift */,
				0B190CAF09C4E9270EF4D138 /* PackListItem.swift */,
				7E15F552A208122AD83473CE /* ResupplyPoint.swift */,
				8E8920B3FB9C75B0CF8ED7D6 /* Trip.swift */,
				FB4125BCE4B6805FEA30AE51 /* WeightSnapshot.swift */,
			);
			path = Models;
			sourceTree = "<group>";
		};
		A400A16AE04C77FA69256C98 /* Products */ = {
			isa = PBXGroup;
			children = (
				7D9283F8F11DFC2C3693924D /* TrailWeight.app */,
				DD9461CB6C63036B70765AEC /* TrailWeightTests.xctest */,
			);
			name = Products;
			sourceTree = "<group>";
		};
		B4B706BB046982BAE2B23799 /* Trips */ = {
			isa = PBXGroup;
			children = (
				D36579402966D45DB642509F /* AddTripView.swift */,
				D66AD0443902764FFAC16EF8 /* PackListView.swift */,
				595314D1177BFC86FF3CE597 /* RecommendationsView.swift */,
				B9777A3E050581ADE66CAF33 /* ResupplyPointDetailView.swift */,
				4FA1B7FBFF44DD2365933A28 /* ShakedownView.swift */,
				EE9AF4626325F6E7054077FF /* TripDetailView.swift */,
				F38F22811BB16B2E65681F1F /* TripListView.swift */,
			);
			path = Trips;
			sourceTree = "<group>";
		};
		BFBB10CB99FCA52D0E8B174F /* TrailWeightTests */ = {
			isa = PBXGroup;
			children = (
				F4E8664EA0F2A17FF53114C9 /* AppSettingsTests.swift */,
				141DD322F384B75A36781EA0 /* BarcodeLookupServiceTests.swift */,
				C4600BE31EA1F962A38C6AE4 /* GearCategoryClassifierTests.swift */,
				E93D1BA00A79886506CC92D1 /* GearDescriptionParserTests.swift */,
				5FCFC26722D80C41DDB44A40 /* GearRecommendationTests.swift */,
				42A53D677F6C73A81F3C2366 /* LighterpackServiceTests.swift */,
				3C7F34769850BA6B1D598054 /* ShakedownAdvisorTests.swift */,
				B605D4139D6EB5765A9A2F64 /* WeightCalculatorTests.swift */,
				2B9245966E4662B7B4D5FCFB /* WeightParserTests.swift */,
			);
			name = TrailWeightTests;
			path = Tests/TrailWeightTests;
			sourceTree = "<group>";
		};
		DDE232548971C55CE2D195A8 = {
			isa = PBXGroup;
			children = (
				8D9295F0542046EB203B996B /* TrailWeight */,
				BFBB10CB99FCA52D0E8B174F /* TrailWeightTests */,
				A400A16AE04C77FA69256C98 /* Products */,
			);
			sourceTree = "<group>";
		};
		F156EC8D669CF9F07359C008 /* Mac */ = {
			isa = PBXGroup;
			children = (
				D5F481508C894DC601F54D86 /* MacContentView.swift */,
			);
			path = Mac;
			sourceTree = "<group>";
		};
/* End PBXGroup section */

/* Begin PBXNativeTarget section */
		DA34BF006EA81F334E00E579 /* TrailWeightTests */ = {
			isa = PBXNativeTarget;
			buildConfigurationList = 0E996CC149E66F992B5BA332 /* Build configuration list for PBXNativeTarget "TrailWeightTests" */;
			buildPhases = (
				31CAD74F77C1BC8BA2F83965 /* Sources */,
			);
			buildRules = (
			);
			dependencies = (
				5CF7740E135E5FF3DFFB15A3 /* PBXTargetDependency */,
			);
			name = TrailWeightTests;
			packageProductDependencies = (
			);
			productName = TrailWeightTests;
			productReference = DD9461CB6C63036B70765AEC /* TrailWeightTests.xctest */;
			productType = "com.apple.product-type.bundle.unit-test";
		};
		E8AEFF0C28D09DB20CBB9FAC /* TrailWeight */ = {
			isa = PBXNativeTarget;
			buildConfigurationList = 8DBEC6185E261E7686D6D24A /* Build configuration list for PBXNativeTarget "TrailWeight" */;
			buildPhases = (
				E2BBC2E28CFC4A6507B3F684 /* Sources */,
				EE7A04747B223CCA65D2EED1 /* Resources */,
				85333A324D0D82F800DABBF6 /* Frameworks */,
			);
			buildRules = (
			);
			dependencies = (
			);
			name = TrailWeight;
			packageProductDependencies = (
				050705B0E6A1EE3B1618B566 /* SwiftSoup */,
			);
			productName = TrailWeight;
			productReference = 7D9283F8F11DFC2C3693924D /* TrailWeight.app */;
			productType = "com.apple.product-type.application";
		};
/* End PBXNativeTarget section */

/* Begin PBXProject section */
		0AC1A6DEAD384EAB2F40A23F /* Project object */ = {
			isa = PBXProject;
			attributes = {
				BuildIndependentTargetsInParallel = YES;
				LastUpgradeCheck = 1500;
				TargetAttributes = {
					DA34BF006EA81F334E00E579 = {
						DevelopmentTeam = 7LQ332KH42;
						ProvisioningStyle = Automatic;
					};
					E8AEFF0C28D09DB20CBB9FAC = {
						DevelopmentTeam = 7LQ332KH42;
						ProvisioningStyle = Automatic;
					};
				};
			};
			buildConfigurationList = 3A60DC02C3EC63972672972C /* Build configuration list for PBXProject "TrailWeight" */;
			developmentRegion = en;
			hasScannedForEncodings = 0;
			knownRegions = (
				Base,
				en,
			);
			mainGroup = DDE232548971C55CE2D195A8;
			minimizedProjectReferenceProxies = 1;
			packageReferences = (
				603A6B0B6A74B10FB90D125D /* XCRemoteSwiftPackageReference "SwiftSoup" */,
			);
			preferredProjectObjectVersion = 77;
			productRefGroup = A400A16AE04C77FA69256C98 /* Products */;
			projectDirPath = "";
			projectRoot = "";
			targets = (
				E8AEFF0C28D09DB20CBB9FAC /* TrailWeight */,
				DA34BF006EA81F334E00E579 /* TrailWeightTests */,
			);
		};
/* End PBXProject section */

/* Begin PBXResourcesBuildPhase section */
		EE7A04747B223CCA65D2EED1 /* Resources */ = {
			isa = PBXResourcesBuildPhase;
			buildActionMask = 2147483647;
			files = (
				6A72CD42A6B45CDA5FE96BD7 /* Assets.xcassets in Resources */,
			);
			runOnlyForDeploymentPostprocessing = 0;
		};
/* End PBXResourcesBuildPhase section */

/* Begin PBXSourcesBuildPhase section */
		31CAD74F77C1BC8BA2F83965 /* Sources */ = {
			isa = PBXSourcesBuildPhase;
			buildActionMask = 2147483647;
			files = (
				47F2ED4819AA5813BF2EC6A4 /* AppSettingsTests.swift in Sources */,
				A456A0B6A044866AD6A02AA4 /* BarcodeLookupServiceTests.swift in Sources */,
				F31D08F5C3FC43DE6CA5F4D6 /* GearCategoryClassifierTests.swift in Sources */,
				30089407760269CCD47B1A1D /* GearDescriptionParserTests.swift in Sources */,
				3C7CF2E2C858CF79CAF8ECEF /* GearRecommendationTests.swift in Sources */,
				D8A8DA47755EB4505CDAD32D /* LighterpackServiceTests.swift in Sources */,
				0724A98BD1D8048377F3F18B /* ShakedownAdvisorTests.swift in Sources */,
				70398C7F0BBCC109DAB9A950 /* WeightCalculatorTests.swift in Sources */,
				71B2C32BF70196C7FFB31580 /* WeightParserTests.swift in Sources */,
			);
			runOnlyForDeploymentPostprocessing = 0;
		};
		E2BBC2E28CFC4A6507B3F684 /* Sources */ = {
			isa = PBXSourcesBuildPhase;
			buildActionMask = 2147483647;
			files = (
				668BD0CE8705AB3D8CB873FD /* AddGearItemView.swift in Sources */,
				3C104C38C73298EB3B334C7E /* AddTripView.swift in Sources */,
				0160D13B78A6F8A3D3DE2871 /* AppRootView.swift in Sources */,
				0037081D2F321D88857456CD /* AppSettings.swift in Sources */,
				C14A6B0E910097D4CAE7DAC4 /* BarcodeLookupService.swift in Sources */,
				64B22A81A39D211B003CAACA /* BarcodeScannerView.swift in Sources */,
				5F96B92D85DD437F1261BF38 /* ContentView.swift in Sources */,
				FF289D045C68661A31E5267E /* GearCategory.swift in Sources */,
				B7626E32623D0B2583BA35C9 /* GearCategoryClassifier.swift in Sources */,
				C7FD44A07D447B313C4BBCA5 /* GearDescriptionParser.swift in Sources */,
				E95878FBB17A47DD4C30DA6F /* GearItem.swift in Sources */,
				BD125C748EB780E9954A1712 /* GearItemDetailView.swift in Sources */,
				2C22281F2CA27DA6685FB584 /* GearListView.swift in Sources */,
				7056A17D929E0211703185A6 /* GearRecommendationEngine.swift in Sources */,
				61E7B51A192C14269581A00D /* GearViewModel.swift in Sources */,
				7D3F11097242D01DBD94B310 /* ImportExportView.swift in Sources */,
				FFDBBA94939CED05BDA9032D /* LighterpackService.swift in Sources */,
				F73279788B4ACA8A53407D87 /* MacContentView.swift in Sources */,
				2B7CC45AE5F79A7FBF47DB20 /* OnboardingView.swift in Sources */,
				DAE6834276FFD6C92CE4B6C5 /* PackList.swift in Sources */,
				9AA12971CC3B8C9275A875E4 /* PackListItem.swift in Sources */,
				1E3294498DEDB42AC2C272FB /* PackListView.swift in Sources */,
				77BB4FBEBC267970FA88F48A /* RecommendationsView.swift in Sources */,
				E8B259645707777F77DE6FBD /* ResupplyPoint.swift in Sources */,
				F2C4B246A087519E4323C83D /* ResupplyPointDetailView.swift in Sources */,
				47272122496EE7741BF74CB2 /* SettingsView.swift in Sources */,
				CBB2B5EB027F0E5859F85626 /* ShakedownAdvisor.swift in Sources */,
				788765EAACAF1AD7D95DB97C /* ShakedownView.swift in Sources */,
				4236E16F859505A124C1B894 /* TrailTheme.swift in Sources */,
				47A43927447F5CD69030925B /* TrailWeightApp.swift in Sources */,
				D0EB1ABE6FB3DBE3D487B594 /* Trip.swift in Sources */,
				9FBB857949B895FF723A86F1 /* TripDetailView.swift in Sources */,
				F29097B307C7D36E6239920F /* TripListView.swift in Sources */,
				C194A3A754F682AD87A8C88C /* TripViewModel.swift in Sources */,
				DB155D83467B5AB152C84681 /* URLMetadataFetcher.swift in Sources */,
				17C771520485C5F996F93EDC /* WeightCalculator.swift in Sources */,
				4E8BD174F657B886453967E1 /* WeightDashboardView.swift in Sources */,
				F7497B94FEF9B30CA9B8CA85 /* WeightHistoryView.swift in Sources */,
				DAC91EFDB6FD6AF955FA9C5C /* WeightParser.swift in Sources */,
				F49A220E5392A37FB44A0B57 /* WeightSnapshot.swift in Sources */,
				DFFF3EE686BB717D85FB8037 /* WeightViewModel.swift in Sources */,
			);
			runOnlyForDeploymentPostprocessing = 0;
		};
/* End PBXSourcesBuildPhase section */

/* Begin PBXTargetDependency section */
		5CF7740E135E5FF3DFFB15A3 /* PBXTargetDependency */ = {
			isa = PBXTargetDependency;
			target = E8AEFF0C28D09DB20CBB9FAC /* TrailWeight */;
			targetProxy = 6F35494D3DCD51FC98E2152A /* PBXContainerItemProxy */;
		};
/* End PBXTargetDependency section */

/* Begin XCBuildConfiguration section */
		1B14A37A1E81043BB5E119B8 /* Release */ = {
			isa = XCBuildConfiguration;
			buildSettings = {
				ALWAYS_SEARCH_USER_PATHS = NO;
				CLANG_ANALYZER_NONNULL = YES;
				CLANG_ANALYZER_NUMBER_OBJECT_CONVERSION = YES_AGGRESSIVE;
				CLANG_CXX_LANGUAGE_STANDARD = "gnu++14";
				CLANG_CXX_LIBRARY = "libc++";
				CLANG_ENABLE_MODULES = YES;
				CLANG_ENABLE_OBJC_ARC = YES;
				CLANG_ENABLE_OBJC_WEAK = YES;
				CLANG_WARN_BLOCK_CAPTURE_AUTORELEASING = YES;
				CLANG_WARN_BOOL_CONVERSION = YES;
				CLANG_WARN_COMMA = YES;
				CLANG_WARN_CONSTANT_CONVERSION = YES;
				CLANG_WARN_DEPRECATED_OBJC_IMPLEMENTATIONS = YES;
				CLANG_WARN_DIRECT_OBJC_ISA_USAGE = YES_ERROR;
				CLANG_WARN_DOCUMENTATION_COMMENTS = YES;
				CLANG_WARN_EMPTY_BODY = YES;
				CLANG_WARN_ENUM_CONVERSION = YES;
				CLANG_WARN_INFINITE_RECURSION = YES;
				CLANG_WARN_INT_CONVERSION = YES;
				CLANG_WARN_NON_LITERAL_NULL_CONVERSION = YES;
				CLANG_WARN_OBJC_IMPLICIT_RETAIN_SELF = YES;
				CLANG_WARN_OBJC_LITERAL_CONVERSION = YES;
				CLANG_WARN_OBJC_ROOT_CLASS = YES_ERROR;
				CLANG_WARN_QUOTED_INCLUDE_IN_FRAMEWORK_HEADER = YES;
				CLANG_WARN_RANGE_LOOP_ANALYSIS = YES;
				CLANG_WARN_STRICT_PROTOTYPES = YES;
				CLANG_WARN_SUSPICIOUS_MOVE = YES;
				CLANG_WARN_UNGUARDED_AVAILABILITY = YES_AGGRESSIVE;
				CLANG_WARN_UNREACHABLE_CODE = YES;
				CLANG_WARN__DUPLICATE_METHOD_MATCH = YES;
				CODE_SIGN_STYLE = Automatic;
				COPY_PHASE_STRIP = NO;
				DEBUG_INFORMATION_FORMAT = "dwarf-with-dsym";
				DEVELOPMENT_TEAM = 7LQ332KH42;
				ENABLE_NS_ASSERTIONS = NO;
				ENABLE_STRICT_OBJC_MSGSEND = YES;
				ENABLE_TESTABILITY = YES;
				GCC_C_LANGUAGE_STANDARD = gnu11;
				GCC_NO_COMMON_BLOCKS = YES;
				GCC_WARN_64_TO_32_BIT_CONVERSION = YES;
				GCC_WARN_ABOUT_RETURN_TYPE = YES_ERROR;
				GCC_WARN_UNDECLARED_SELECTOR = YES;
				GCC_WARN_UNINITIALIZED_AUTOS = YES_AGGRESSIVE;
				GCC_WARN_UNUSED_FUNCTION = YES;
				GCC_WARN_UNUSED_VARIABLE = YES;
				IPHONEOS_DEPLOYMENT_TARGET = 17.0;
				MACOSX_DEPLOYMENT_TARGET = 14.0;
				MTL_ENABLE_DEBUG_INFO = NO;
				MTL_FAST_MATH = YES;
				PRODUCT_NAME = "$(TARGET_NAME)";
				SDKROOT = iphoneos;
				SWIFT_COMPILATION_MODE = wholemodule;
				SWIFT_OPTIMIZATION_LEVEL = "-O";
				SWIFT_VERSION = 5.9;
			};
			name = Release;
		};
		237A76A5BB534BFE2F449849 /* Debug */ = {
			isa = XCBuildConfiguration;
			buildSettings = {
				BUNDLE_LOADER = "$(TEST_HOST)";
				GENERATE_INFOPLIST_FILE = YES;
				LD_RUNPATH_SEARCH_PATHS = (
					"$(inherited)",
					"@executable_path/Frameworks",
					"@loader_path/Frameworks",
				);
				PRODUCT_BUNDLE_IDENTIFIER = com.stephenbrines.trailweighttests;
				SDKROOT = iphoneos;
				TARGETED_DEVICE_FAMILY = "1,2";
				TEST_HOST = "$(BUILT_PRODUCTS_DIR)/TrailWeight.app/TrailWeight";
			};
			name = Debug;
		};
		4959A030874ABD33597C3850 /* Release */ = {
			isa = XCBuildConfiguration;
			buildSettings = {
				ASSETCATALOG_COMPILER_APPICON_NAME = AppIcon;
				CODE_SIGN_ENTITLEMENTS = Sources/TrailWeight/TrailWeight.entitlements;
				CODE_SIGN_IDENTITY = "iPhone Developer";
				CURRENT_PROJECT_VERSION = 1;
				DERIVE_MACCATALYST_PRODUCT_BUNDLE_IDENTIFIER = YES;
				GENERATE_INFOPLIST_FILE = NO;
				INFOPLIST_FILE = Sources/TrailWeight/Info.plist;
				LD_RUNPATH_SEARCH_PATHS = (
					"$(inherited)",
					"@executable_path/Frameworks",
				);
				MARKETING_VERSION = 1.0;
				PRODUCT_BUNDLE_IDENTIFIER = com.stephenbrines.trailweight;
				SDKROOT = iphoneos;
				SUPPORTS_MAC_DESIGNED_FOR_IPHONE_IPAD = YES;
				TARGETED_DEVICE_FAMILY = "1,2";
			};
			name = Release;
		};
		90DD5D57C730EE887EEEDC78 /* Debug */ = {
			isa = XCBuildConfiguration;
			buildSettings = {
				ASSETCATALOG_COMPILER_APPICON_NAME = AppIcon;
				CODE_SIGN_ENTITLEMENTS = Sources/TrailWeight/TrailWeight.entitlements;
				CODE_SIGN_IDENTITY = "iPhone Developer";
				CURRENT_PROJECT_VERSION = 1;
				DERIVE_MACCATALYST_PRODUCT_BUNDLE_IDENTIFIER = YES;
				GENERATE_INFOPLIST_FILE = NO;
				INFOPLIST_FILE = Sources/TrailWeight/Info.plist;
				LD_RUNPATH_SEARCH_PATHS = (
					"$(inherited)",
					"@executable_path/Frameworks",
				);
				MARKETING_VERSION = 1.0;
				PRODUCT_BUNDLE_IDENTIFIER = com.stephenbrines.trailweight;
				SDKROOT = iphoneos;
				SUPPORTS_MAC_DESIGNED_FOR_IPHONE_IPAD = YES;
				TARGETED_DEVICE_FAMILY = "1,2";
			};
			name = Debug;
		};
		EEDBAC33D3BCA41066499D46 /* Debug */ = {
			isa = XCBuildConfiguration;
			buildSettings = {
				ALWAYS_SEARCH_USER_PATHS = NO;
				CLANG_ANALYZER_NONNULL = YES;
				CLANG_ANALYZER_NUMBER_OBJECT_CONVERSION = YES_AGGRESSIVE;
				CLANG_CXX_LANGUAGE_STANDARD = "gnu++14";
				CLANG_CXX_LIBRARY = "libc++";
				CLANG_ENABLE_MODULES = YES;
				CLANG_ENABLE_OBJC_ARC = YES;
				CLANG_ENABLE_OBJC_WEAK = YES;
				CLANG_WARN_BLOCK_CAPTURE_AUTORELEASING = YES;
				CLANG_WARN_BOOL_CONVERSION = YES;
				CLANG_WARN_COMMA = YES;
				CLANG_WARN_CONSTANT_CONVERSION = YES;
				CLANG_WARN_DEPRECATED_OBJC_IMPLEMENTATIONS = YES;
				CLANG_WARN_DIRECT_OBJC_ISA_USAGE = YES_ERROR;
				CLANG_WARN_DOCUMENTATION_COMMENTS = YES;
				CLANG_WARN_EMPTY_BODY = YES;
				CLANG_WARN_ENUM_CONVERSION = YES;
				CLANG_WARN_INFINITE_RECURSION = YES;
				CLANG_WARN_INT_CONVERSION = YES;
				CLANG_WARN_NON_LITERAL_NULL_CONVERSION = YES;
				CLANG_WARN_OBJC_IMPLICIT_RETAIN_SELF = YES;
				CLANG_WARN_OBJC_LITERAL_CONVERSION = YES;
				CLANG_WARN_OBJC_ROOT_CLASS = YES_ERROR;
				CLANG_WARN_QUOTED_INCLUDE_IN_FRAMEWORK_HEADER = YES;
				CLANG_WARN_RANGE_LOOP_ANALYSIS = YES;
				CLANG_WARN_STRICT_PROTOTYPES = YES;
				CLANG_WARN_SUSPICIOUS_MOVE = YES;
				CLANG_WARN_UNGUARDED_AVAILABILITY = YES_AGGRESSIVE;
				CLANG_WARN_UNREACHABLE_CODE = YES;
				CLANG_WARN__DUPLICATE_METHOD_MATCH = YES;
				CODE_SIGN_STYLE = Automatic;
				COPY_PHASE_STRIP = NO;
				DEBUG_INFORMATION_FORMAT = dwarf;
				DEVELOPMENT_TEAM = 7LQ332KH42;
				ENABLE_STRICT_OBJC_MSGSEND = YES;
				ENABLE_TESTABILITY = YES;
				GCC_C_LANGUAGE_STANDARD = gnu11;
				GCC_DYNAMIC_NO_PIC = NO;
				GCC_NO_COMMON_BLOCKS = YES;
				GCC_OPTIMIZATION_LEVEL = 0;
				GCC_PREPROCESSOR_DEFINITIONS = (
					"$(inherited)",
					"DEBUG=1",
				);
				GCC_WARN_64_TO_32_BIT_CONVERSION = YES;
				GCC_WARN_ABOUT_RETURN_TYPE = YES_ERROR;
				GCC_WARN_UNDECLARED_SELECTOR = YES;
				GCC_WARN_UNINITIALIZED_AUTOS = YES_AGGRESSIVE;
				GCC_WARN_UNUSED_FUNCTION = YES;
				GCC_WARN_UNUSED_VARIABLE = YES;
				IPHONEOS_DEPLOYMENT_TARGET = 17.0;
				MACOSX_DEPLOYMENT_TARGET = 14.0;
				MTL_ENABLE_DEBUG_INFO = INCLUDE_SOURCE;
				MTL_FAST_MATH = YES;
				ONLY_ACTIVE_ARCH = YES;
				PRODUCT_NAME = "$(TARGET_NAME)";
				SDKROOT = iphoneos;
				SWIFT_ACTIVE_COMPILATION_CONDITIONS = DEBUG;
				SWIFT_OPTIMIZATION_LEVEL = "-Onone";
				SWIFT_VERSION = 5.9;
			};
			name = Debug;
		};
		F7EF6006F52DD0F57F29E8BE /* Release */ = {
			isa = XCBuildConfiguration;
			buildSettings = {
				BUNDLE_LOADER = "$(TEST_HOST)";
				GENERATE_INFOPLIST_FILE = YES;
				LD_RUNPATH_SEARCH_PATHS = (
					"$(inherited)",
					"@executable_path/Frameworks",
					"@loader_path/Frameworks",
				);
				PRODUCT_BUNDLE_IDENTIFIER = com.stephenbrines.trailweighttests;
				SDKROOT = iphoneos;
				TARGETED_DEVICE_FAMILY = "1,2";
				TEST_HOST = "$(BUILT_PRODUCTS_DIR)/TrailWeight.app/TrailWeight";
			};
			name = Release;
		};
/* End XCBuildConfiguration section */

/* Begin XCConfigurationList section */
		0E996CC149E66F992B5BA332 /* Build configuration list for PBXNativeTarget "TrailWeightTests" */ = {
			isa = XCConfigurationList;
			buildConfigurations = (
				237A76A5BB534BFE2F449849 /* Debug */,
				F7EF6006F52DD0F57F29E8BE /* Release */,
			);
			defaultConfigurationIsVisible = 0;
			defaultConfigurationName = Debug;
		};
		3A60DC02C3EC63972672972C /* Build configuration list for PBXProject "TrailWeight" */ = {
			isa = XCConfigurationList;
			buildConfigurations = (
				EEDBAC33D3BCA41066499D46 /* Debug */,
				1B14A37A1E81043BB5E119B8 /* Release */,
			);
			defaultConfigurationIsVisible = 0;
			defaultConfigurationName = Debug;
		};
		8DBEC6185E261E7686D6D24A /* Build configuration list for PBXNativeTarget "TrailWeight" */ = {
			isa = XCConfigurationList;
			buildConfigurations = (
				90DD5D57C730EE887EEEDC78 /* Debug */,
				4959A030874ABD33597C3850 /* Release */,
			);
			defaultConfigurationIsVisible = 0;
			defaultConfigurationName = Debug;
		};
/* End XCConfigurationList section */

/* Begin XCRemoteSwiftPackageReference section */
		603A6B0B6A74B10FB90D125D /* XCRemoteSwiftPackageReference "SwiftSoup" */ = {
			isa = XCRemoteSwiftPackageReference;
			repositoryURL = "https://github.com/scinfu/SwiftSoup.git";
			requirement = {
				kind = upToNextMajorVersion;
				minimumVersion = 2.7.0;
			};
		};
/* End XCRemoteSwiftPackageReference section */

/* Begin XCSwiftPackageProductDependency section */
		050705B0E6A1EE3B1618B566 /* SwiftSoup */ = {
			isa = XCSwiftPackageProductDependency;
			package = 603A6B0B6A74B10FB90D125D /* XCRemoteSwiftPackageReference "SwiftSoup" */;
			productName = SwiftSoup;
		};
/* End XCSwiftPackageProductDependency section */
	};
	rootObject = 0AC1A6DEAD384EAB2F40A23F /* Project object */;
}
